
Microsoft Visual Studio Solution File, Format Version 12.00
# Visual Studio Version 17
VisualStudioVersion = 17.12.35527.113
MinimumVisualStudioVersion = 10.0.40219.1
Project("{2150E333-8FDC-42A3-9474-1A3956D46DE8}") = "Core", "Core", "{F74FC2CB-7F31-463D-9098-979CAEA36C3E}"
EndProject
Project("{2150E333-8FDC-42A3-9474-1A3956D46DE8}") = "Frontends", "Frontends", "{12A51893-6749-40A1-80EB-84303AE1A45C}"
EndProject
Project("{2150E333-8FDC-42A3-9474-1A3956D46DE8}") = "Infrastructure", "Infrastructure", "{0D605279-D387-4E84-B11A-E4CF99CE2F43}"
EndProject
Project("{2150E333-8FDC-42A3-9474-1A3956D46DE8}") = "Presentation", "Presentation", "{F3EDC1A5-5543-43AB-94DC-FCD6DF85B54A}"
EndProject
Project("{2150E333-8FDC-42A3-9474-1A3956D46DE8}") = "Requirements", "Requirements", "{75CF5C86-1AD1-43AA-935E-D00D4E2479F9}"
EndProject
Project("{FAE04EC0-301F-11D3-BF4B-00C04F79EFBC}") = "MovieApi.Domain", "Core\MovieApi.Domain\MovieApi.Domain.csproj", "{379F0572-BE8F-4CCD-B2A8-4757C552EDD4}"
EndProject
Project("{FAE04EC0-301F-11D3-BF4B-00C04F79EFBC}") = "MovieApi.Persistence", "Infrastructure\MovieApi.Persistence\MovieApi.Persistence.csproj", "{22883498-3559-4D9C-BBEA-014DB0FD9A1F}"
EndProject
Project("{FAE04EC0-301F-11D3-BF4B-00C04F79EFBC}") = "MovieApi.WebApi", "Presentation\MovieApi.WebApi\MovieApi.WebApi.csproj", "{9F96204F-7401-47AE-B408-151B001092D1}"
EndProject
Project("{FAE04EC0-301F-11D3-BF4B-00C04F79EFBC}") = "MovieApi.Application", "Core\MovieApi.Application\MovieApi.Application.csproj", "{6A5F1641-CD08-4395-82E7-DF2911F54AD2}"
EndProject
Project("{FAE04EC0-301F-11D3-BF4B-00C04F79EFBC}") = "MovieApi.WebUI", "Frontends\MovieApi.WebUI\MovieApi.WebUI.csproj", "{472BF361-8CF1-47D0-8E7D-D27C24B85335}"
EndProject
Project("{FAE04EC0-301F-11D3-BF4B-00C04F79EFBC}") = "MovieApi.Dto", "Frontends\MovieApi.Dto\MovieApi.Dto.csproj", "{40A7407C-A92C-48C2-A691-EC1F13B2CB75}"
EndProject
Global
	GlobalSection(SolutionConfigurationPlatforms) = preSolution
		Debug|Any CPU = Debug|Any CPU
		Release|Any CPU = Release|Any CPU
	EndGlobalSection
	GlobalSection(ProjectConfigurationPlatforms) = postSolution
		{379F0572-BE8F-4CCD-B2A8-4757C552EDD4}.Debug|Any CPU.ActiveCfg = Debug|Any CPU
		{379F0572-BE8F-4CCD-B2A8-4757C552EDD4}.Debug|Any CPU.Build.0 = Debug|Any CPU
		{379F0572-BE8F-4CCD-B2A8-4757C552EDD4}.Release|Any CPU.ActiveCfg = Release|Any CPU
		{379F0572-BE8F-4CCD-B2A8-4757C552EDD4}.Release|Any CPU.Build.0 = Release|Any CPU
		{22883498-3559-4D9C-BBEA-014DB0FD9A1F}.Debug|Any CPU.ActiveCfg = Debug|Any CPU
		{22883498-3559-4D9C-BBEA-014DB0FD9A1F}.Debug|Any CPU.Build.0 = Debug|Any CPU
		{22883498-3559-4D9C-BBEA-014DB0FD9A1F}.Release|Any CPU.ActiveCfg = Release|Any CPU
		{22883498-3559-4D9C-BBEA-014DB0FD9A1F}.Release|Any CPU.Build.0 = Release|Any CPU
		{9F96204F-7401-47AE-B408-151B001092D1}.Debug|Any CPU.ActiveCfg = Debug|Any CPU
		{9F96204F-7401-47AE-B408-151B001092D1}.Debug|Any CPU.Build.0 = Debug|Any CPU
		{9F96204F-7401-47AE-B408-151B001092D1}.Release|Any CPU.ActiveCfg = Release|Any CPU
		{9F96204F-7401-47AE-B408-151B001092D1}.Release|Any CPU.Build.0 = Release|Any CPU
		{6A5F1641-CD08-4395-82E7-DF2911F54AD2}.Debug|Any CPU.ActiveCfg = Debug|Any CPU
		{6A5F1641-CD08-4395-82E7-DF2911F54AD2}.Debug|Any CPU.Build.0 = Debug|Any CPU
		{6A5F1641-CD08-4395-82E7-DF2911F54AD2}.Release|Any CPU.ActiveCfg = Release|Any CPU
		{6A5F1641-CD08-4395-82E7-DF2911F54AD2}.Release|Any CPU.Build.0 = Release|Any CPU
		{472BF361-8CF1-47D0-8E7D-D27C24B85335}.Debug|Any CPU.ActiveCfg = Debug|Any CPU
		{472BF361-8CF1-47D0-8E7D-D27C24B85335}.Debug|Any CPU.Build.0 = Debug|Any CPU
		{472BF361-8CF1-47D0-8E7D-D27C24B85335}.Release|Any CPU.ActiveCfg = Release|Any CPU
		{472BF361-8CF1-47D0-8E7D-D27C24B85335}.Release|Any CPU.Build.0 = Release|Any CPU
		{40A7407C-A92C-48C2-A691-EC1F13B2CB75}.Debug|Any CPU.ActiveCfg = Debug|Any CPU
		{40A7407C-A92C-48C2-A691-EC1F13B2CB75}.Debug|Any CPU.Build.0 = Debug|Any CPU
		{40A7407C-A92C-48C2-A691-EC1F13B2CB75}.Release|Any CPU.ActiveCfg = Release|Any CPU
		{40A7407C-A92C-48C2-A691-EC1F13B2CB75}.Release|Any CPU.Build.0 = Release|Any CPU
	EndGlobalSection
	GlobalSection(SolutionProperties) = preSolution
		HideSolutionNode = FALSE
	EndGlobalSection
	GlobalSection(NestedProjects) = preSolution
		{379F0572-BE8F-4CCD-B2A8-4757C552EDD4} = {F74FC2CB-7F31-463D-9098-979CAEA36C3E}
		{22883498-3559-4D9C-BBEA-014DB0FD9A1F} = {0D605279-D387-4E84-B11A-E4CF99CE2F43}
		{9F96204F-7401-47AE-B408-151B001092D1} = {F3EDC1A5-5543-43AB-94DC-FCD6DF85B54A}
		{6A5F1641-CD08-4395-82E7-DF2911F54AD2} = {F74FC2CB-7F31-463D-9098-979CAEA36C3E}
		{472BF361-8CF1-47D0-8E7D-D27C24B85335} = {12A51893-6749-40A1-80EB-84303AE1A45C}
		{40A7407C-A92C-48C2-A691-EC1F13B2CB75} = {12A51893-6749-40A1-80EB-84303AE1A45C}
	EndGlobalSection
EndGlobal
